// !$*UTF8*$!
{
	archiveVersion = 1;
	classes = {
	};
	objectVersion = 50;
	objects = {

/* Begin PBXBuildFile section */
		813975452542DBF300986709 /* CloudKit.framework in Frameworks */ = {isa = PBXBuildFile; fileRef = 813975442542DBF300986709 /* CloudKit.framework */; };
		815066882541A24D00BC8CC2 /* Diary.xcdatamodeld in Sources */ = {isa = PBXBuildFile; fileRef = 815066862541A24D00BC8CC2 /* Diary.xcdatamodeld */; };
		815066F82541BDE900BC8CC2 /* WriteEntryViewController.swift in Sources */ = {isa = PBXBuildFile; fileRef = 815066F72541BDE900BC8CC2 /* WriteEntryViewController.swift */; };
		815067092541C3B500BC8CC2 /* WriteEntryContentView.swift in Sources */ = {isa = PBXBuildFile; fileRef = 815067082541C3B500BC8CC2 /* WriteEntryContentView.swift */; };
		8150671A2541D50000BC8CC2 /* CoreService.swift in Sources */ = {isa = PBXBuildFile; fileRef = 815067192541D50000BC8CC2 /* CoreService.swift */; };
		815067262542CA1700BC8CC2 /* Daily+CoreDataClass.swift in Sources */ = {isa = PBXBuildFile; fileRef = 815067242542CA1700BC8CC2 /* Daily+CoreDataClass.swift */; };
		815067272542CA1700BC8CC2 /* Daily+CoreDataProperties.swift in Sources */ = {isa = PBXBuildFile; fileRef = 815067252542CA1700BC8CC2 /* Daily+CoreDataProperties.swift */; };
		8188D25424BE00A30088F5FF /* AppDelegate.swift in Sources */ = {isa = PBXBuildFile; fileRef = 8188D25324BE00A30088F5FF /* AppDelegate.swift */; };
		8188D25624BE00A30088F5FF /* SceneDelegate.swift in Sources */ = {isa = PBXBuildFile; fileRef = 8188D25524BE00A30088F5FF /* SceneDelegate.swift */; };
		8188D25D24BE00A60088F5FF /* Assets.xcassets in Resources */ = {isa = PBXBuildFile; fileRef = 8188D25C24BE00A60088F5FF /* Assets.xcassets */; };
		8188D26024BE00A60088F5FF /* LaunchScreen.storyboard in Resources */ = {isa = PBXBuildFile; fileRef = 8188D25E24BE00A60088F5FF /* LaunchScreen.storyboard */; };
		8188D26B24BE00A70088F5FF /* KimiDiaryTests.swift in Sources */ = {isa = PBXBuildFile; fileRef = 8188D26A24BE00A70088F5FF /* KimiDiaryTests.swift */; };
		8188D27624BE00A70088F5FF /* KimiDiaryUITests.swift in Sources */ = {isa = PBXBuildFile; fileRef = 8188D27524BE00A70088F5FF /* KimiDiaryUITests.swift */; };
		8188D28424BE01ED0088F5FF /* AppRouter.swift in Sources */ = {isa = PBXBuildFile; fileRef = 8188D28324BE01ED0088F5FF /* AppRouter.swift */; };
		8188D28724BE02920088F5FF /* UserDefaultsManager.swift in Sources */ = {isa = PBXBuildFile; fileRef = 8188D28624BE02920088F5FF /* UserDefaultsManager.swift */; };
		8188D28A24BE03150088F5FF /* MenuDiaryViewController.swift in Sources */ = {isa = PBXBuildFile; fileRef = 8188D28924BE03150088F5FF /* MenuDiaryViewController.swift */; };
		8188D28E24BE08C60088F5FF /* UIViewController+Child.swift in Sources */ = {isa = PBXBuildFile; fileRef = 8188D28D24BE08C60088F5FF /* UIViewController+Child.swift */; };
		8188D29024BE0DC00088F5FF /* UINavigationController+Configure.swift in Sources */ = {isa = PBXBuildFile; fileRef = 8188D28F24BE0DC00088F5FF /* UINavigationController+Configure.swift */; };
		8188D29224BE10B40088F5FF /* MenuTableViewController.swift in Sources */ = {isa = PBXBuildFile; fileRef = 8188D29124BE10B40088F5FF /* MenuTableViewController.swift */; };
		8188D29524BE11180088F5FF /* MenuHeaderView.swift in Sources */ = {isa = PBXBuildFile; fileRef = 8188D29424BE11180088F5FF /* MenuHeaderView.swift */; };
		8188D29724BE12CF0088F5FF /* UIColor.swift in Sources */ = {isa = PBXBuildFile; fileRef = 8188D29624BE12CF0088F5FF /* UIColor.swift */; };
		8188D29924BE2F830088F5FF /* MenuToolBarController.swift in Sources */ = {isa = PBXBuildFile; fileRef = 8188D29824BE2F830088F5FF /* MenuToolBarController.swift */; };
		8188D29C24BE81F60088F5FF /* MenuToolbarView.swift in Sources */ = {isa = PBXBuildFile; fileRef = 8188D29B24BE81F60088F5FF /* MenuToolbarView.swift */; };
		8188D29E24BE91860088F5FF /* SearchBarView.swift in Sources */ = {isa = PBXBuildFile; fileRef = 8188D29D24BE91860088F5FF /* SearchBarView.swift */; };
		8188D2A224BEB77F0088F5FF /* DiaryViewController.swift in Sources */ = {isa = PBXBuildFile; fileRef = 8188D2A124BEB77F0088F5FF /* DiaryViewController.swift */; };
		8188D2A424BF2FA20088F5FF /* Transition.swift in Sources */ = {isa = PBXBuildFile; fileRef = 8188D2A324BF2FA20088F5FF /* Transition.swift */; };
		8188D2A624BF32BE0088F5FF /* EntriesToolbarController.swift in Sources */ = {isa = PBXBuildFile; fileRef = 8188D2A524BF32BE0088F5FF /* EntriesToolbarController.swift */; };
		8188D2A824BF36140088F5FF /* EntriesToolbarView.swift in Sources */ = {isa = PBXBuildFile; fileRef = 8188D2A724BF36140088F5FF /* EntriesToolbarView.swift */; };
		8188D2AC24BFDFED0088F5FF /* EntriesTableViewController.swift in Sources */ = {isa = PBXBuildFile; fileRef = 8188D2AB24BFDFED0088F5FF /* EntriesTableViewController.swift */; };
		8188D2AE24BFE3280088F5FF /* HeaderTableViewDiary.swift in Sources */ = {isa = PBXBuildFile; fileRef = 8188D2AD24BFE3280088F5FF /* HeaderTableViewDiary.swift */; };
		8188D2B324BFEC3A0088F5FF /* EntriesDiaryTableViewCell.swift in Sources */ = {isa = PBXBuildFile; fileRef = 8188D2B224BFEC3A0088F5FF /* EntriesDiaryTableViewCell.swift */; };
/* End PBXBuildFile section */

/* Begin PBXContainerItemProxy section */
		8188D26724BE00A70088F5FF /* PBXContainerItemProxy */ = {
			isa = PBXContainerItemProxy;
			containerPortal = 8188D24824BE00A30088F5FF /* Project object */;
			proxyType = 1;
			remoteGlobalIDString = 8188D24F24BE00A30088F5FF;
			remoteInfo = KimiDiary;
		};
		8188D27224BE00A70088F5FF /* PBXContainerItemProxy */ = {
			isa = PBXContainerItemProxy;
			containerPortal = 8188D24824BE00A30088F5FF /* Project object */;
			proxyType = 1;
			remoteGlobalIDString = 8188D24F24BE00A30088F5FF;
			remoteInfo = KimiDiary;
		};
/* End PBXContainerItemProxy section */

/* Begin PBXFileReference section */
		813975442542DBF300986709 /* CloudKit.framework */ = {isa = PBXFileReference; lastKnownFileType = wrapper.framework; name = CloudKit.framework; path = System/Library/Frameworks/CloudKit.framework; sourceTree = SDKROOT; };
		815066872541A24D00BC8CC2 /* Diary.xcdatamodel */ = {isa = PBXFileReference; lastKnownFileType = wrapper.xcdatamodel; path = Diary.xcdatamodel; sourceTree = "<group>"; };
		815066F72541BDE900BC8CC2 /* WriteEntryViewController.swift */ = {isa = PBXFileReference; lastKnownFileType = sourcecode.swift; path = WriteEntryViewController.swift; sourceTree = "<group>"; };
		815067082541C3B500BC8CC2 /* WriteEntryContentView.swift */ = {isa = PBXFileReference; lastKnownFileType = sourcecode.swift; path = WriteEntryContentView.swift; sourceTree = "<group>"; };
		815067192541D50000BC8CC2 /* CoreService.swift */ = {isa = PBXFileReference; lastKnownFileType = sourcecode.swift; path = CoreService.swift; sourceTree = "<group>"; };
		815067242542CA1700BC8CC2 /* Daily+CoreDataClass.swift */ = {isa = PBXFileReference; lastKnownFileType = sourcecode.swift; path = "Daily+CoreDataClass.swift"; sourceTree = "<group>"; };
		815067252542CA1700BC8CC2 /* Daily+CoreDataProperties.swift */ = {isa = PBXFileReference; lastKnownFileType = sourcecode.swift; path = "Daily+CoreDataProperties.swift"; sourceTree = "<group>"; };
		8188D25024BE00A30088F5FF /* KimiDiary.app */ = {isa = PBXFileReference; explicitFileType = wrapper.application; includeInIndex = 0; path = KimiDiary.app; sourceTree = BUILT_PRODUCTS_DIR; };
		8188D25324BE00A30088F5FF /* AppDelegate.swift */ = {isa = PBXFileReference; lastKnownFileType = sourcecode.swift; path = AppDelegate.swift; sourceTree = "<group>"; };
		8188D25524BE00A30088F5FF /* SceneDelegate.swift */ = {isa = PBXFileReference; lastKnownFileType = sourcecode.swift; path = SceneDelegate.swift; sourceTree = "<group>"; };
		8188D25C24BE00A60088F5FF /* Assets.xcassets */ = {isa = PBXFileReference; lastKnownFileType = folder.assetcatalog; path = Assets.xcassets; sourceTree = "<group>"; };
		8188D25F24BE00A60088F5FF /* Base */ = {isa = PBXFileReference; lastKnownFileType = file.storyboard; name = Base; path = Base.lproj/LaunchScreen.storyboard; sourceTree = "<group>"; };
		8188D26124BE00A60088F5FF /* Info.plist */ = {isa = PBXFileReference; lastKnownFileType = text.plist.xml; path = Info.plist; sourceTree = "<group>"; };
		8188D26624BE00A70088F5FF /* KimiDiaryTests.xctest */ = {isa = PBXFileReference; explicitFileType = wrapper.cfbundle; includeInIndex = 0; path = KimiDiaryTests.xctest; sourceTree = BUILT_PRODUCTS_DIR; };
		8188D26A24BE00A70088F5FF /* KimiDiaryTests.swift */ = {isa = PBXFileReference; lastKnownFileType = sourcecode.swift; path = KimiDiaryTests.swift; sourceTree = "<group>"; };
		8188D26C24BE00A70088F5FF /* Info.plist */ = {isa = PBXFileReference; lastKnownFileType = text.plist.xml; path = Info.plist; sourceTree = "<group>"; };
		8188D27124BE00A70088F5FF /* KimiDiaryUITests.xctest */ = {isa = PBXFileReference; explicitFileType = wrapper.cfbundle; includeInIndex = 0; path = KimiDiaryUITests.xctest; sourceTree = BUILT_PRODUCTS_DIR; };
		8188D27524BE00A70088F5FF /* KimiDiaryUITests.swift */ = {isa = PBXFileReference; lastKnownFileType = sourcecode.swift; path = KimiDiaryUITests.swift; sourceTree = "<group>"; };
		8188D27724BE00A70088F5FF /* Info.plist */ = {isa = PBXFileReference; lastKnownFileType = text.plist.xml; path = Info.plist; sourceTree = "<group>"; };
		8188D28324BE01ED0088F5FF /* AppRouter.swift */ = {isa = PBXFileReference; lastKnownFileType = sourcecode.swift; path = AppRouter.swift; sourceTree = "<group>"; };
		8188D28624BE02920088F5FF /* UserDefaultsManager.swift */ = {isa = PBXFileReference; lastKnownFileType = sourcecode.swift; path = UserDefaultsManager.swift; sourceTree = "<group>"; };
		8188D28924BE03150088F5FF /* MenuDiaryViewController.swift */ = {isa = PBXFileReference; lastKnownFileType = sourcecode.swift; path = MenuDiaryViewController.swift; sourceTree = "<group>"; };
		8188D28D24BE08C60088F5FF /* UIViewController+Child.swift */ = {isa = PBXFileReference; lastKnownFileType = sourcecode.swift; path = "UIViewController+Child.swift"; sourceTree = "<group>"; };
		8188D28F24BE0DC00088F5FF /* UINavigationController+Configure.swift */ = {isa = PBXFileReference; lastKnownFileType = sourcecode.swift; path = "UINavigationController+Configure.swift"; sourceTree = "<group>"; };
		8188D29124BE10B40088F5FF /* MenuTableViewController.swift */ = {isa = PBXFileReference; lastKnownFileType = sourcecode.swift; path = MenuTableViewController.swift; sourceTree = "<group>"; };
		8188D29424BE11180088F5FF /* MenuHeaderView.swift */ = {isa = PBXFileReference; lastKnownFileType = sourcecode.swift; path = MenuHeaderView.swift; sourceTree = "<group>"; };
		8188D29624BE12CF0088F5FF /* UIColor.swift */ = {isa = PBXFileReference; lastKnownFileType = sourcecode.swift; path = UIColor.swift; sourceTree = "<group>"; };
		8188D29824BE2F830088F5FF /* MenuToolBarController.swift */ = {isa = PBXFileReference; lastKnownFileType = sourcecode.swift; path = MenuToolBarController.swift; sourceTree = "<group>"; };
		8188D29B24BE81F60088F5FF /* MenuToolbarView.swift */ = {isa = PBXFileReference; lastKnownFileType = sourcecode.swift; path = MenuToolbarView.swift; sourceTree = "<group>"; };
		8188D29D24BE91860088F5FF /* SearchBarView.swift */ = {isa = PBXFileReference; lastKnownFileType = sourcecode.swift; path = SearchBarView.swift; sourceTree = "<group>"; };
		8188D2A124BEB77F0088F5FF /* DiaryViewController.swift */ = {isa = PBXFileReference; lastKnownFileType = sourcecode.swift; path = DiaryViewController.swift; sourceTree = "<group>"; };
		8188D2A324BF2FA20088F5FF /* Transition.swift */ = {isa = PBXFileReference; lastKnownFileType = sourcecode.swift; path = Transition.swift; sourceTree = "<group>"; };
		8188D2A524BF32BE0088F5FF /* EntriesToolbarController.swift */ = {isa = PBXFileReference; lastKnownFileType = sourcecode.swift; path = EntriesToolbarController.swift; sourceTree = "<group>"; };
		8188D2A724BF36140088F5FF /* EntriesToolbarView.swift */ = {isa = PBXFileReference; lastKnownFileType = sourcecode.swift; path = EntriesToolbarView.swift; sourceTree = "<group>"; };
		8188D2AB24BFDFED0088F5FF /* EntriesTableViewController.swift */ = {isa = PBXFileReference; lastKnownFileType = sourcecode.swift; path = EntriesTableViewController.swift; sourceTree = "<group>"; };
		8188D2AD24BFE3280088F5FF /* HeaderTableViewDiary.swift */ = {isa = PBXFileReference; lastKnownFileType = sourcecode.swift; path = HeaderTableViewDiary.swift; sourceTree = "<group>"; };
		8188D2B224BFEC3A0088F5FF /* EntriesDiaryTableViewCell.swift */ = {isa = PBXFileReference; lastKnownFileType = sourcecode.swift; path = EntriesDiaryTableViewCell.swift; sourceTree = "<group>"; };
/* End PBXFileReference section */

/* Begin PBXFrameworksBuildPhase section */
		8188D24D24BE00A30088F5FF /* Frameworks */ = {
			isa = PBXFrameworksBuildPhase;
			buildActionMask = 2147483647;
			files = (
				813975452542DBF300986709 /* CloudKit.framework in Frameworks */,
			);
			runOnlyForDeploymentPostprocessing = 0;
		};
		8188D26324BE00A70088F5FF /* Frameworks */ = {
			isa = PBXFrameworksBuildPhase;
			buildActionMask = 2147483647;
			files = (
			);
			runOnlyForDeploymentPostprocessing = 0;
		};
		8188D26E24BE00A70088F5FF /* Frameworks */ = {
			isa = PBXFrameworksBuildPhase;
			buildActionMask = 2147483647;
			files = (
			);
			runOnlyForDeploymentPostprocessing = 0;
		};
/* End PBXFrameworksBuildPhase section */

/* Begin PBXGroup section */
		813975432542DBF300986709 /* Frameworks */ = {
			isa = PBXGroup;
			children = (
				813975442542DBF300986709 /* CloudKit.framework */,
			);
			name = Frameworks;
			sourceTree = "<group>";
		};
		815066F62541BD9800BC8CC2 /* Write */ = {
			isa = PBXGroup;
			children = (
				815066F72541BDE900BC8CC2 /* WriteEntryViewController.swift */,
			);
			path = Write;
			sourceTree = "<group>";
		};
		815067072541C39700BC8CC2 /* Write */ = {
			isa = PBXGroup;
			children = (
				815067082541C3B500BC8CC2 /* WriteEntryContentView.swift */,
			);
			path = Write;
			sourceTree = "<group>";
		};
		815067142541D4BB00BC8CC2 /* Model */ = {
			isa = PBXGroup;
			children = (
				815067242542CA1700BC8CC2 /* Daily+CoreDataClass.swift */,
				815067252542CA1700BC8CC2 /* Daily+CoreDataProperties.swift */,
			);
			path = Model;
			sourceTree = "<group>";
		};
		815067182541D4D300BC8CC2 /* Service */ = {
			isa = PBXGroup;
			children = (
				815067192541D50000BC8CC2 /* CoreService.swift */,
			);
			path = Service;
			sourceTree = "<group>";
		};
		8188D24724BE00A30088F5FF = {
			isa = PBXGroup;
			children = (
				8188D25224BE00A30088F5FF /* KimiDiary */,
				8188D26924BE00A70088F5FF /* KimiDiaryTests */,
				8188D27424BE00A70088F5FF /* KimiDiaryUITests */,
				8188D25124BE00A30088F5FF /* Products */,
				813975432542DBF300986709 /* Frameworks */,
			);
			sourceTree = "<group>";
		};
		8188D25124BE00A30088F5FF /* Products */ = {
			isa = PBXGroup;
			children = (
				8188D25024BE00A30088F5FF /* KimiDiary.app */,
				8188D26624BE00A70088F5FF /* KimiDiaryTests.xctest */,
				8188D27124BE00A70088F5FF /* KimiDiaryUITests.xctest */,
			);
			name = Products;
			sourceTree = "<group>";
		};
		8188D25224BE00A30088F5FF /* KimiDiary */ = {
			isa = PBXGroup;
			children = (
				815067182541D4D300BC8CC2 /* Service */,
				815067142541D4BB00BC8CC2 /* Model */,
				8188D29324BE10FD0088F5FF /* View */,
				8188D28C24BE08750088F5FF /* Extensions */,
				8188D28B24BE031A0088F5FF /* Controller */,
				8188D28824BE02970088F5FF /* Manager */,
				8188D28524BE02730088F5FF /* Config */,
				8188D25C24BE00A60088F5FF /* Assets.xcassets */,
				815066862541A24D00BC8CC2 /* Diary.xcdatamodeld */,
				8188D25E24BE00A60088F5FF /* LaunchScreen.storyboard */,
				8188D26124BE00A60088F5FF /* Info.plist */,
			);
			path = KimiDiary;
			sourceTree = "<group>";
		};
		8188D26924BE00A70088F5FF /* KimiDiaryTests */ = {
			isa = PBXGroup;
			children = (
				8188D26A24BE00A70088F5FF /* KimiDiaryTests.swift */,
				8188D26C24BE00A70088F5FF /* Info.plist */,
			);
			path = KimiDiaryTests;
			sourceTree = "<group>";
		};
		8188D27424BE00A70088F5FF /* KimiDiaryUITests */ = {
			isa = PBXGroup;
			children = (
				8188D27524BE00A70088F5FF /* KimiDiaryUITests.swift */,
				8188D27724BE00A70088F5FF /* Info.plist */,
			);
			path = KimiDiaryUITests;
			sourceTree = "<group>";
		};
		8188D28524BE02730088F5FF /* Config */ = {
			isa = PBXGroup;
			children = (
				8188D28324BE01ED0088F5FF /* AppRouter.swift */,
				8188D25324BE00A30088F5FF /* AppDelegate.swift */,
				8188D25524BE00A30088F5FF /* SceneDelegate.swift */,
			);
			path = Config;
			sourceTree = "<group>";
		};
		8188D28824BE02970088F5FF /* Manager */ = {
			isa = PBXGroup;
			children = (
				8188D28624BE02920088F5FF /* UserDefaultsManager.swift */,
			);
			path = Manager;
			sourceTree = "<group>";
		};
		8188D28B24BE031A0088F5FF /* Controller */ = {
			isa = PBXGroup;
			children = (
				815066F62541BD9800BC8CC2 /* Write */,
				8188D29F24BEB5C50088F5FF /* Menu */,
				8188D2A024BEB76B0088F5FF /* Diary */,
			);
			path = Controller;
			sourceTree = "<group>";
		};
		8188D28C24BE08750088F5FF /* Extensions */ = {
			isa = PBXGroup;
			children = (
				8188D28D24BE08C60088F5FF /* UIViewController+Child.swift */,
				8188D28F24BE0DC00088F5FF /* UINavigationController+Configure.swift */,
				8188D29624BE12CF0088F5FF /* UIColor.swift */,
				8188D2A324BF2FA20088F5FF /* Transition.swift */,
			);
			path = Extensions;
			sourceTree = "<group>";
		};
		8188D29324BE10FD0088F5FF /* View */ = {
			isa = PBXGroup;
			children = (
				815067072541C39700BC8CC2 /* Write */,
				8188D2B124BFEC140088F5FF /* Cells */,
				8188D2AF24BFEBE10088F5FF /* Menu */,
				8188D2A724BF36140088F5FF /* EntriesToolbarView.swift */,
				8188D2AD24BFE3280088F5FF /* HeaderTableViewDiary.swift */,
			);
			path = View;
			sourceTree = "<group>";
		};
		8188D29F24BEB5C50088F5FF /* Menu */ = {
			isa = PBXGroup;
			children = (
				8188D29824BE2F830088F5FF /* MenuToolBarController.swift */,
				8188D29124BE10B40088F5FF /* MenuTableViewController.swift */,
				8188D28924BE03150088F5FF /* MenuDiaryViewController.swift */,
			);
			path = Menu;
			sourceTree = "<group>";
		};
		8188D2A024BEB76B0088F5FF /* Diary */ = {
			isa = PBXGroup;
			children = (
				8188D2A124BEB77F0088F5FF /* DiaryViewController.swift */,
				8188D2A524BF32BE0088F5FF /* EntriesToolbarController.swift */,
				8188D2AB24BFDFED0088F5FF /* EntriesTableViewController.swift */,
			);
			path = Diary;
			sourceTree = "<group>";
		};
		8188D2AF24BFEBE10088F5FF /* Menu */ = {
			isa = PBXGroup;
			children = (
				8188D29424BE11180088F5FF /* MenuHeaderView.swift */,
				8188D29B24BE81F60088F5FF /* MenuToolbarView.swift */,
				8188D29D24BE91860088F5FF /* SearchBarView.swift */,
			);
			path = Menu;
			sourceTree = "<group>";
		};
		8188D2B124BFEC140088F5FF /* Cells */ = {
			isa = PBXGroup;
			children = (
				8188D2B224BFEC3A0088F5FF /* EntriesDiaryTableViewCell.swift */,
			);
			path = Cells;
			sourceTree = "<group>";
		};
/* End PBXGroup section */

/* Begin PBXNativeTarget section */
		8188D24F24BE00A30088F5FF /* KimiDiary */ = {
			isa = PBXNativeTarget;
			buildConfigurationList = 8188D27A24BE00A70088F5FF /* Build configuration list for PBXNativeTarget "KimiDiary" */;
			buildPhases = (
				8188D24C24BE00A30088F5FF /* Sources */,
				8188D24D24BE00A30088F5FF /* Frameworks */,
				8188D24E24BE00A30088F5FF /* Resources */,
			);
			buildRules = (
			);
			dependencies = (
			);
			name = KimiDiary;
			productName = KimiDiary;
			productReference = 8188D25024BE00A30088F5FF /* KimiDiary.app */;
			productType = "com.apple.product-type.application";
		};
		8188D26524BE00A70088F5FF /* KimiDiaryTests */ = {
			isa = PBXNativeTarget;
			buildConfigurationList = 8188D27D24BE00A70088F5FF /* Build configuration list for PBXNativeTarget "KimiDiaryTests" */;
			buildPhases = (
				8188D26224BE00A70088F5FF /* Sources */,
				8188D26324BE00A70088F5FF /* Frameworks */,
				8188D26424BE00A70088F5FF /* Resources */,
			);
			buildRules = (
			);
			dependencies = (
				8188D26824BE00A70088F5FF /* PBXTargetDependency */,
			);
			name = KimiDiaryTests;
			productName = KimiDiaryTests;
			productReference = 8188D26624BE00A70088F5FF /* KimiDiaryTests.xctest */;
			productType = "com.apple.product-type.bundle.unit-test";
		};
		8188D27024BE00A70088F5FF /* KimiDiaryUITests */ = {
			isa = PBXNativeTarget;
			buildConfigurationList = 8188D28024BE00A70088F5FF /* Build configuration list for PBXNativeTarget "KimiDiaryUITests" */;
			buildPhases = (
				8188D26D24BE00A70088F5FF /* Sources */,
				8188D26E24BE00A70088F5FF /* Frameworks */,
				8188D26F24BE00A70088F5FF /* Resources */,
			);
			buildRules = (
			);
			dependencies = (
				8188D27324BE00A70088F5FF /* PBXTargetDependency */,
			);
			name = KimiDiaryUITests;
			productName = KimiDiaryUITests;
			productReference = 8188D27124BE00A70088F5FF /* KimiDiaryUITests.xctest */;
			productType = "com.apple.product-type.bundle.ui-testing";
		};
/* End PBXNativeTarget section */

/* Begin PBXProject section */
		8188D24824BE00A30088F5FF /* Project object */ = {
			isa = PBXProject;
			attributes = {
				LastSwiftUpdateCheck = 1150;
				LastUpgradeCheck = 1200;
				ORGANIZATIONNAME = "Vinicius Mesquita";
				TargetAttributes = {
					8188D24F24BE00A30088F5FF = {
						CreatedOnToolsVersion = 11.5;
					};
					8188D26524BE00A70088F5FF = {
						CreatedOnToolsVersion = 11.5;
					};
					8188D27024BE00A70088F5FF = {
						CreatedOnToolsVersion = 11.5;
						TestTargetID = 8188D24F24BE00A30088F5FF;
					};
				};
			};
			buildConfigurationList = 8188D24B24BE00A30088F5FF /* Build configuration list for PBXProject "KimiDiary" */;
			compatibilityVersion = "Xcode 9.3";
			developmentRegion = en;
			hasScannedForEncodings = 0;
			knownRegions = (
				en,
				Base,
			);
			mainGroup = 8188D24724BE00A30088F5FF;
			productRefGroup = 8188D25124BE00A30088F5FF /* Products */;
			projectDirPath = "";
			projectRoot = "";
			targets = (
				8188D24F24BE00A30088F5FF /* KimiDiary */,
				8188D26524BE00A70088F5FF /* KimiDiaryTests */,
				8188D27024BE00A70088F5FF /* KimiDiaryUITests */,
			);
		};
/* End PBXProject section */

/* Begin PBXResourcesBuildPhase section */
		8188D24E24BE00A30088F5FF /* Resources */ = {
			isa = PBXResourcesBuildPhase;
			buildActionMask = 2147483647;
			files = (
				8188D26024BE00A60088F5FF /* LaunchScreen.storyboard in Resources */,
				8188D25D24BE00A60088F5FF /* Assets.xcassets in Resources */,
			);
			runOnlyForDeploymentPostprocessing = 0;
		};
		8188D26424BE00A70088F5FF /* Resources */ = {
			isa = PBXResourcesBuildPhase;
			buildActionMask = 2147483647;
			files = (
			);
			runOnlyForDeploymentPostprocessing = 0;
		};
		8188D26F24BE00A70088F5FF /* Resources */ = {
			isa = PBXResourcesBuildPhase;
			buildActionMask = 2147483647;
			files = (
			);
			runOnlyForDeploymentPostprocessing = 0;
		};
/* End PBXResourcesBuildPhase section */

/* Begin PBXSourcesBuildPhase section */
		8188D24C24BE00A30088F5FF /* Sources */ = {
			isa = PBXSourcesBuildPhase;
			buildActionMask = 2147483647;
			files = (
				8188D2B324BFEC3A0088F5FF /* EntriesDiaryTableViewCell.swift in Sources */,
				8188D2AE24BFE3280088F5FF /* HeaderTableViewDiary.swift in Sources */,
				8188D2A424BF2FA20088F5FF /* Transition.swift in Sources */,
				8188D25424BE00A30088F5FF /* AppDelegate.swift in Sources */,
				8188D25624BE00A30088F5FF /* SceneDelegate.swift in Sources */,
				8150671A2541D50000BC8CC2 /* CoreService.swift in Sources */,
				8188D2A824BF36140088F5FF /* EntriesToolbarView.swift in Sources */,
				815067092541C3B500BC8CC2 /* WriteEntryContentView.swift in Sources */,
				8188D29C24BE81F60088F5FF /* MenuToolbarView.swift in Sources */,
				8188D28724BE02920088F5FF /* UserDefaultsManager.swift in Sources */,
				8188D28424BE01ED0088F5FF /* AppRouter.swift in Sources */,
				815067262542CA1700BC8CC2 /* Daily+CoreDataClass.swift in Sources */,
				8188D29224BE10B40088F5FF /* MenuTableViewController.swift in Sources */,
				8188D29024BE0DC00088F5FF /* UINavigationController+Configure.swift in Sources */,
				8188D28A24BE03150088F5FF /* MenuDiaryViewController.swift in Sources */,
				8188D28E24BE08C60088F5FF /* UIViewController+Child.swift in Sources */,
				8188D2A624BF32BE0088F5FF /* EntriesToolbarController.swift in Sources */,
				8188D2AC24BFDFED0088F5FF /* EntriesTableViewController.swift in Sources */,
				8188D29E24BE91860088F5FF /* SearchBarView.swift in Sources */,
				8188D2A224BEB77F0088F5FF /* DiaryViewController.swift in Sources */,
				815066F82541BDE900BC8CC2 /* WriteEntryViewController.swift in Sources */,
				815067272542CA1700BC8CC2 /* Daily+CoreDataProperties.swift in Sources */,
				8188D29524BE11180088F5FF /* MenuHeaderView.swift in Sources */,
				815066882541A24D00BC8CC2 /* Diary.xcdatamodeld in Sources */,
				8188D29724BE12CF0088F5FF /* UIColor.swift in Sources */,
				8188D29924BE2F830088F5FF /* MenuToolBarController.swift in Sources */,
			);
			runOnlyForDeploymentPostprocessing = 0;
		};
		8188D26224BE00A70088F5FF /* Sources */ = {
			isa = PBXSourcesBuildPhase;
			buildActionMask = 2147483647;
			files = (
				8188D26B24BE00A70088F5FF /* KimiDiaryTests.swift in Sources */,
			);
			runOnlyForDeploymentPostprocessing = 0;
		};
		8188D26D24BE00A70088F5FF /* Sources */ = {
			isa = PBXSourcesBuildPhase;
			buildActionMask = 2147483647;
			files = (
				8188D27624BE00A70088F5FF /* KimiDiaryUITests.swift in Sources */,
			);
			runOnlyForDeploymentPostprocessing = 0;
		};
/* End PBXSourcesBuildPhase section */

/* Begin PBXTargetDependency section */
		8188D26824BE00A70088F5FF /* PBXTargetDependency */ = {
			isa = PBXTargetDependency;
			target = 8188D24F24BE00A30088F5FF /* KimiDiary */;
			targetProxy = 8188D26724BE00A70088F5FF /* PBXContainerItemProxy */;
		};
		8188D27324BE00A70088F5FF /* PBXTargetDependency */ = {
			isa = PBXTargetDependency;
			target = 8188D24F24BE00A30088F5FF /* KimiDiary */;
			targetProxy = 8188D27224BE00A70088F5FF /* PBXContainerItemProxy */;
		};
/* End PBXTargetDependency section */

/* Begin PBXVariantGroup section */
		8188D25E24BE00A60088F5FF /* LaunchScreen.storyboard */ = {
			isa = PBXVariantGroup;
			children = (
				8188D25F24BE00A60088F5FF /* Base */,
			);
			name = LaunchScreen.storyboard;
			sourceTree = "<group>";
		};
/* End PBXVariantGroup section */

/* Begin XCBuildConfiguration section */
		8188D27824BE00A70088F5FF /* Debug */ = {
			isa = XCBuildConfiguration;
			buildSettings = {
				ALWAYS_SEARCH_USER_PATHS = NO;
				CLANG_ANALYZER_NONNULL = YES;
				CLANG_ANALYZER_NUMBER_OBJECT_CONVERSION = YES_AGGRESSIVE;
				CLANG_CXX_LANGUAGE_STANDARD = "gnu++14";
				CLANG_CXX_LIBRARY = "libc++";
				CLANG_ENABLE_MODULES = YES;
				CLANG_ENABLE_OBJC_ARC = YES;
				CLANG_ENABLE_OBJC_WEAK = YES;
				CLANG_WARN_BLOCK_CAPTURE_AUTORELEASING = YES;
				CLANG_WARN_BOOL_CONVERSION = YES;
				CLANG_WARN_COMMA = YES;
				CLANG_WARN_CONSTANT_CONVERSION = YES;
				CLANG_WARN_DEPRECATED_OBJC_IMPLEMENTATIONS = YES;
				CLANG_WARN_DIRECT_OBJC_ISA_USAGE = YES_ERROR;
				CLANG_WARN_DOCUMENTATION_COMMENTS = YES;
				CLANG_WARN_EMPTY_BODY = YES;
				CLANG_WARN_ENUM_CONVERSION = YES;
				CLANG_WARN_INFINITE_RECURSION = YES;
				CLANG_WARN_INT_CONVERSION = YES;
				CLANG_WARN_NON_LITERAL_NULL_CONVERSION = YES;
				CLANG_WARN_OBJC_IMPLICIT_RETAIN_SELF = YES;
				CLANG_WARN_OBJC_LITERAL_CONVERSION = YES;
				CLANG_WARN_OBJC_ROOT_CLASS = YES_ERROR;
				CLANG_WARN_QUOTED_INCLUDE_IN_FRAMEWORK_HEADER = YES;
				CLANG_WARN_RANGE_LOOP_ANALYSIS = YES;
				CLANG_WARN_STRICT_PROTOTYPES = YES;
				CLANG_WARN_SUSPICIOUS_MOVE = YES;
				CLANG_WARN_UNGUARDED_AVAILABILITY = YES_AGGRESSIVE;
				CLANG_WARN_UNREACHABLE_CODE = YES;
				CLANG_WARN__DUPLICATE_METHOD_MATCH = YES;
				COPY_PHASE_STRIP = NO;
				DEBUG_INFORMATION_FORMAT = dwarf;
				ENABLE_STRICT_OBJC_MSGSEND = YES;
				ENABLE_TESTABILITY = YES;
				GCC_C_LANGUAGE_STANDARD = gnu11;
				GCC_DYNAMIC_NO_PIC = NO;
				GCC_NO_COMMON_BLOCKS = YES;
				GCC_OPTIMIZATION_LEVEL = 0;
				GCC_PREPROCESSOR_DEFINITIONS = (
					"DEBUG=1",
					"$(inherited)",
				);
				GCC_WARN_64_TO_32_BIT_CONVERSION = YES;
				GCC_WARN_ABOUT_RETURN_TYPE = YES_ERROR;
				GCC_WARN_UNDECLARED_SELECTOR = YES;
				GCC_WARN_UNINITIALIZED_AUTOS = YES_AGGRESSIVE;
				GCC_WARN_UNUSED_FUNCTION = YES;
				GCC_WARN_UNUSED_VARIABLE = YES;
				IPHONEOS_DEPLOYMENT_TARGET = 13.5;
				MTL_ENABLE_DEBUG_INFO = INCLUDE_SOURCE;
				MTL_FAST_MATH = YES;
				ONLY_ACTIVE_ARCH = YES;
				SDKROOT = iphoneos;
				SWIFT_ACTIVE_COMPILATION_CONDITIONS = DEBUG;
				SWIFT_OPTIMIZATION_LEVEL = "-Onone";
			};
			name = Debug;
		};
		8188D27924BE00A70088F5FF /* Release */ = {
			isa = XCBuildConfiguration;
			buildSettings = {
				ALWAYS_SEARCH_USER_PATHS = NO;
				CLANG_ANALYZER_NONNULL = YES;
				CLANG_ANALYZER_NUMBER_OBJECT_CONVERSION = YES_AGGRESSIVE;
				CLANG_CXX_LANGUAGE_STANDARD = "gnu++14";
				CLANG_CXX_LIBRARY = "libc++";
				CLANG_ENABLE_MODULES = YES;
				CLANG_ENABLE_OBJC_ARC = YES;
				CLANG_ENABLE_OBJC_WEAK = YES;
				CLANG_WARN_BLOCK_CAPTURE_AUTORELEASING = YES;
				CLANG_WARN_BOOL_CONVERSION = YES;
				CLANG_WARN_COMMA = YES;
				CLANG_WARN_CONSTANT_CONVERSION = YES;
				CLANG_WARN_DEPRECATED_OBJC_IMPLEMENTATIONS = YES;
				CLANG_WARN_DIRECT_OBJC_ISA_USAGE = YES_ERROR;
				CLANG_WARN_DOCUMENTATION_COMMENTS = YES;
				CLANG_WARN_EMPTY_BODY = YES;
				CLANG_WARN_ENUM_CONVERSION = YES;
				CLANG_WARN_INFINITE_RECURSION = YES;
				CLANG_WARN_INT_CONVERSION = YES;
				CLANG_WARN_NON_LITERAL_NULL_CONVERSION = YES;
				CLANG_WARN_OBJC_IMPLICIT_RETAIN_SELF = YES;
				CLANG_WARN_OBJC_LITERAL_CONVERSION = YES;
				CLANG_WARN_OBJC_ROOT_CLASS = YES_ERROR;
				CLANG_WARN_QUOTED_INCLUDE_IN_FRAMEWORK_HEADER = YES;
				CLANG_WARN_RANGE_LOOP_ANALYSIS = YES;
				CLANG_WARN_STRICT_PROTOTYPES = YES;
				CLANG_WARN_SUSPICIOUS_MOVE = YES;
				CLANG_WARN_UNGUARDED_AVAILABILITY = YES_AGGRESSIVE;
				CLANG_WARN_UNREACHABLE_CODE = YES;
				CLANG_WARN__DUPLICATE_METHOD_MATCH = YES;
				COPY_PHASE_STRIP = NO;
				DEBUG_INFORMATION_FORMAT = "dwarf-with-dsym";
				ENABLE_NS_ASSERTIONS = NO;
				ENABLE_STRICT_OBJC_MSGSEND = YES;
				GCC_C_LANGUAGE_STANDARD = gnu11;
				GCC_NO_COMMON_BLOCKS = YES;
				GCC_WARN_64_TO_32_BIT_CONVERSION = YES;
				GCC_WARN_ABOUT_RETURN_TYPE = YES_ERROR;
				GCC_WARN_UNDECLARED_SELECTOR = YES;
				GCC_WARN_UNINITIALIZED_AUTOS = YES_AGGRESSIVE;
				GCC_WARN_UNUSED_FUNCTION = YES;
				GCC_WARN_UNUSED_VARIABLE = YES;
				IPHONEOS_DEPLOYMENT_TARGET = 13.5;
				MTL_ENABLE_DEBUG_INFO = NO;
				MTL_FAST_MATH = YES;
				SDKROOT = iphoneos;
				SWIFT_COMPILATION_MODE = wholemodule;
				SWIFT_OPTIMIZATION_LEVEL = "-O";
				VALIDATE_PRODUCT = YES;
			};
			name = Release;
		};
		8188D27B24BE00A70088F5FF /* Debug */ = {
			isa = XCBuildConfiguration;
			buildSettings = {
				ASSETCATALOG_COMPILER_APPICON_NAME = AppIcon;
				CODE_SIGN_ENTITLEMENTS = KimiDiary/KimiDiary.entitlements;
				CODE_SIGN_STYLE = Automatic;
				DEVELOPMENT_TEAM = 3A46XCK2VP;
				INFOPLIST_FILE = KimiDiary/Info.plist;
				LD_RUNPATH_SEARCH_PATHS = (
					"$(inherited)",
					"@executable_path/Frameworks",
				);
				PRODUCT_BUNDLE_IDENTIFIER = viniciusmesquita.KimiDiary;
				PRODUCT_NAME = "$(TARGET_NAME)";
				SWIFT_VERSION = 5.0;
				TARGETED_DEVICE_FAMILY = "1,2";
			};
			name = Debug;
		};
		8188D27C24BE00A70088F5FF /* Release */ = {
			isa = XCBuildConfiguration;
			buildSettings = {
				ASSETCATALOG_COMPILER_APPICON_NAME = AppIcon;
				CODE_SIGN_ENTITLEMENTS = KimiDiary/KimiDiaryRelease.entitlements;
				CODE_SIGN_STYLE = Automatic;
				DEVELOPMENT_TEAM = 3A46XCK2VP;
				INFOPLIST_FILE = KimiDiary/Info.plist;
				LD_RUNPATH_SEARCH_PATHS = (
					"$(inherited)",
					"@executable_path/Frameworks",
				);
				PRODUCT_BUNDLE_IDENTIFIER = viniciusmesquita.KimiDiary;
				PRODUCT_NAME = "$(TARGET_NAME)";
				SWIFT_VERSION = 5.0;
				TARGETED_DEVICE_FAMILY = "1,2";
			};
			name = Release;
		};
		8188D27E24BE00A70088F5FF /* Debug */ = {
			isa = XCBuildConfiguration;
			buildSettings = {
				ALWAYS_EMBED_SWIFT_STANDARD_LIBRARIES = YES;
				CODE_SIGN_STYLE = Automatic;
				INFOPLIST_FILE = KimiDiaryTests/Info.plist;
				IPHONEOS_DEPLOYMENT_TARGET = 13.5;
				LD_RUNPATH_SEARCH_PATHS = (
					"$(inherited)",
					"@executable_path/Frameworks",
					"@loader_path/Frameworks",
				);
				PRODUCT_BUNDLE_IDENTIFIER = viniciusmesquita.KimiDiaryTests;
				PRODUCT_NAME = "$(TARGET_NAME)";
				SWIFT_VERSION = 5.0;
				TARGETED_DEVICE_FAMILY = "1,2";
			};
			name = Debug;
		};
		8188D27F24BE00A70088F5FF /* Release */ = {
			isa = XCBuildConfiguration;
			buildSettings = {
				ALWAYS_EMBED_SWIFT_STANDARD_LIBRARIES = YES;
				CODE_SIGN_STYLE = Automatic;
				INFOPLIST_FILE = KimiDiaryTests/Info.plist;
				IPHONEOS_DEPLOYMENT_TARGET = 13.5;
				LD_RUNPATH_SEARCH_PATHS = (
					"$(inherited)",
					"@executable_path/Frameworks",
					"@loader_path/Frameworks",
				);
				PRODUCT_BUNDLE_IDENTIFIER = viniciusmesquita.KimiDiaryTests;
				PRODUCT_NAME = "$(TARGET_NAME)";
				SWIFT_VERSION = 5.0;
				TARGETED_DEVICE_FAMILY = "1,2";
			};
			name = Release;
		};
		8188D28124BE00A70088F5FF /* Debug */ = {
			isa = XCBuildConfiguration;
			buildSettings = {
				ALWAYS_EMBED_SWIFT_STANDARD_LIBRARIES = YES;
				CODE_SIGN_STYLE = Automatic;
				INFOPLIST_FILE = KimiDiaryUITests/Info.plist;
				LD_RUNPATH_SEARCH_PATHS = (
					"$(inherited)",
					"@executable_path/Frameworks",
					"@loader_path/Frameworks",
				);
				PRODUCT_BUNDLE_IDENTIFIER = viniciusmesquita.KimiDiaryUITests;
				PRODUCT_NAME = "$(TARGET_NAME)";
				SWIFT_VERSION = 5.0;
				TARGETED_DEVICE_FAMILY = "1,2";
				TEST_TARGET_NAME = KimiDiary;
			};
			name = Debug;
		};
		8188D28224BE00A70088F5FF /* Release */ = {
			isa = XCBuildConfiguration;
			buildSettings = {
				ALWAYS_EMBED_SWIFT_STANDARD_LIBRARIES = YES;
				CODE_SIGN_STYLE = Automatic;
				INFOPLIST_FILE = KimiDiaryUITests/Info.plist;
				LD_RUNPATH_SEARCH_PATHS = (
					"$(inherited)",
					"@executable_path/Frameworks",
					"@loader_path/Frameworks",
				);
				PRODUCT_BUNDLE_IDENTIFIER = viniciusmesquita.KimiDiaryUITests;
				PRODUCT_NAME = "$(TARGET_NAME)";
				SWIFT_VERSION = 5.0;
				TARGETED_DEVICE_FAMILY = "1,2";
				TEST_TARGET_NAME = KimiDiary;
			};
			name = Release;
		};
/* End XCBuildConfiguration section */

/* Begin XCConfigurationList section */
		8188D24B24BE00A30088F5FF /* Build configuration list for PBXProject "KimiDiary" */ = {
			isa = XCConfigurationList;
			buildConfigurations = (
				8188D27824BE00A70088F5FF /* Debug */,
				8188D27924BE00A70088F5FF /* Release */,
			);
			defaultConfigurationIsVisible = 0;
			defaultConfigurationName = Release;
		};
		8188D27A24BE00A70088F5FF /* Build configuration list for PBXNativeTarget "KimiDiary" */ = {
			isa = XCConfigurationList;
			buildConfigurations = (
				8188D27B24BE00A70088F5FF /* Debug */,
				8188D27C24BE00A70088F5FF /* Release */,
			);
			defaultConfigurationIsVisible = 0;
			defaultConfigurationName = Release;
		};
		8188D27D24BE00A70088F5FF /* Build configuration list for PBXNativeTarget "KimiDiaryTests" */ = {
			isa = XCConfigurationList;
			buildConfigurations = (
				8188D27E24BE00A70088F5FF /* Debug */,
				8188D27F24BE00A70088F5FF /* Release */,
			);
			defaultConfigurationIsVisible = 0;
			defaultConfigurationName = Release;
		};
		8188D28024BE00A70088F5FF /* Build configuration list for PBXNativeTarget "KimiDiaryUITests" */ = {
			isa = XCConfigurationList;
			buildConfigurations = (
				8188D28124BE00A70088F5FF /* Debug */,
				8188D28224BE00A70088F5FF /* Release */,
			);
			defaultConfigurationIsVisible = 0;
			defaultConfigurationName = Release;
		};
/* End XCConfigurationList section */

/* Begin XCVersionGroup section */
		815066862541A24D00BC8CC2 /* Diary.xcdatamodeld */ = {
			isa = XCVersionGroup;
			children = (
				815066872541A24D00BC8CC2 /* Diary.xcdatamodel */,
			);
			currentVersion = 815066872541A24D00BC8CC2 /* Diary.xcdatamodel */;
			path = Diary.xcdatamodeld;
			sourceTree = "<group>";
			versionGroupType = wrapper.xcdatamodel;
		};
/* End XCVersionGroup section */
	};
	rootObject = 8188D24824BE00A30088F5FF /* Project object */;
}
